
Microsoft Visual Studio Solution File, Format Version 12.00
# Visual Studio Version 17
VisualStudioVersion = 17.5.002.0
MinimumVisualStudioVersion = 10.0.40219.1
Project("{9A19103F-16F7-4668-BE54-9A1E7A4F7556}") = "Test", "Test.csproj", "{D80CF704-470A-44CC-8636-C5A174492C5E}"
EndProject
Global
	GlobalSection(SolutionConfigurationPlatforms) = preSolution
		Debug|Any CPU = Debug|Any CPU
		Release|Any CPU = Release|Any CPU
	EndGlobalSection
	GlobalSection(ProjectConfigurationPlatforms) = postSolution
		{D80CF704-470A-44CC-8636-C5A174492C5E}.Debug|Any CPU.ActiveCfg = Debug|Any CPU
		{D80CF704-470A-44CC-8636-C5A174492C5E}.Debug|Any CPU.Build.0 = Debug|Any CPU
		{D80CF704-470A-44CC-8636-C5A174492C5E}.Release|Any CPU.ActiveCfg = Release|Any CPU
		{D80CF704-470A-44CC-8636-C5A174492C5E}.Release|Any CPU.Build.0 = Release|Any CPU
	EndGlobalSection
	GlobalSection(SolutionProperties) = preSolution
		HideSolutionNode = FALSE
	EndGlobalSection
	GlobalSection(ExtensibilityGlobals) = postSolution
		SolutionGuid = {95184A22-E12B-4E8D-9382-BBE85B586F27}
	EndGlobalSection
EndGlobal
